
Microsoft Visual Studio Solution File, Format Version 12.00
# Visual Studio Version 17
Project("{8BC9CEB8-8B4A-11D0-8D11-00A0C91BC942}") = "ALL_BUILD", "ALL_BUILD.vcxproj", "{B8CFF214-34FB-3DB8-A5A4-F91A552606BE}"
	ProjectSection(ProjectDependencies) = postProject
		{91A48EF8-8A39-392C-A0EF-D01D306DCADE} = {91A48EF8-8A39-392C-A0EF-D01D306DCADE}
		{87BF6D42-2DA2-3659-A5C6-288D37B4403F} = {87BF6D42-2DA2-3659-A5C6-288D37B4403F}
	EndProjectSection
EndProject
Project("{8BC9CEB8-8B4A-11D0-8D11-00A0C91BC942}") = "ZERO_CHECK", "ZERO_CHECK.vcxproj", "{91A48EF8-8A39-392C-A0EF-D01D306DCADE}"
	ProjectSection(ProjectDependencies) = postProject
	EndProjectSection
EndProject
Project("{8BC9CEB8-8B4A-11D0-8D11-00A0C91BC942}") = "cnavier", "cnavier.vcxproj", "{87BF6D42-2DA2-3659-A5C6-288D37B4403F}"
	ProjectSection(ProjectDependencies) = postProject
		{91A48EF8-8A39-392C-A0EF-D01D306DCADE} = {91A48EF8-8A39-392C-A0EF-D01D306DCADE}
	EndProjectSection
EndProject
Global
	GlobalSection(SolutionConfigurationPlatforms) = preSolution
		Debug|x64 = Debug|x64
		Release|x64 = Release|x64
		MinSizeRel|x64 = MinSizeRel|x64
		RelWithDebInfo|x64 = RelWithDebInfo|x64
	EndGlobalSection
	GlobalSection(ProjectConfigurationPlatforms) = postSolution
		{B8CFF214-34FB-3DB8-A5A4-F91A552606BE}.Debug|x64.ActiveCfg = Debug|x64
		{B8CFF214-34FB-3DB8-A5A4-F91A552606BE}.Release|x64.ActiveCfg = Release|x64
		{B8CFF214-34FB-3DB8-A5A4-F91A552606BE}.MinSizeRel|x64.ActiveCfg = MinSizeRel|x64
		{B8CFF214-34FB-3DB8-A5A4-F91A552606BE}.RelWithDebInfo|x64.ActiveCfg = RelWithDebInfo|x64
		{91A48EF8-8A39-392C-A0EF-D01D306DCADE}.Debug|x64.ActiveCfg = Debug|x64
		{91A48EF8-8A39-392C-A0EF-D01D306DCADE}.Debug|x64.Build.0 = Debug|x64
		{91A48EF8-8A39-392C-A0EF-D01D306DCADE}.Release|x64.ActiveCfg = Release|x64
		{91A48EF8-8A39-392C-A0EF-D01D306DCADE}.Release|x64.Build.0 = Release|x64
		{91A48EF8-8A39-392C-A0EF-D01D306DCADE}.MinSizeRel|x64.ActiveCfg = MinSizeRel|x64
		{91A48EF8-8A39-392C-A0EF-D01D306DCADE}.MinSizeRel|x64.Build.0 = MinSizeRel|x64
		{91A48EF8-8A39-392C-A0EF-D01D306DCADE}.RelWithDebInfo|x64.ActiveCfg = RelWithDebInfo|x64
		{91A48EF8-8A39-392C-A0EF-D01D306DCADE}.RelWithDebInfo|x64.Build.0 = RelWithDebInfo|x64
		{87BF6D42-2DA2-3659-A5C6-288D37B4403F}.Debug|x64.ActiveCfg = Debug|x64
		{87BF6D42-2DA2-3659-A5C6-288D37B4403F}.Debug|x64.Build.0 = Debug|x64
		{87BF6D42-2DA2-3659-A5C6-288D37B4403F}.Release|x64.ActiveCfg = Release|x64
		{87BF6D42-2DA2-3659-A5C6-288D37B4403F}.Release|x64.Build.0 = Release|x64
		{87BF6D42-2DA2-3659-A5C6-288D37B4403F}.MinSizeRel|x64.ActiveCfg = MinSizeRel|x64
		{87BF6D42-2DA2-3659-A5C6-288D37B4403F}.MinSizeRel|x64.Build.0 = MinSizeRel|x64
		{87BF6D42-2DA2-3659-A5C6-288D37B4403F}.RelWithDebInfo|x64.ActiveCfg = RelWithDebInfo|x64
		{87BF6D42-2DA2-3659-A5C6-288D37B4403F}.RelWithDebInfo|x64.Build.0 = RelWithDebInfo|x64
	EndGlobalSection
	GlobalSection(ExtensibilityGlobals) = postSolution
		SolutionGuid = {6BC7EFA0-FA13-39F0-8E9D-F8EFD2DB75F8}
	EndGlobalSection
	GlobalSection(ExtensibilityAddIns) = postSolution
	EndGlobalSection
EndGlobal
